
Microsoft Visual Studio Solution File, Format Version 12.00
# Visual Studio Version 17
VisualStudioVersion = 17.9.34728.123
MinimumVisualStudioVersion = 10.0.40219.1
Project("{9A19103F-16F7-4668-BE54-9A1E7A4F7556}") = "Baitap1PRN-HE180034", "Baitap1PRN-HE180034\Baitap1PRN-HE180034.csproj", "{00603CA9-3DF1-416B-A0A1-9E1E8DA8EE5B}"
EndProject
Project("{FAE04EC0-301F-11D3-BF4B-00C04F79EFBC}") = "Baitap2PRN-HE180034", "Baitap2PRN-HE180034\Baitap2PRN-HE180034.csproj", "{FAE85527-F8A8-42BD-A80E-FE426F064E40}"
EndProject
Global
	GlobalSection(SolutionConfigurationPlatforms) = preSolution
		Debug|Any CPU = Debug|Any CPU
		Release|Any CPU = Release|Any CPU
	EndGlobalSection
	GlobalSection(ProjectConfigurationPlatforms) = postSolution
		{00603CA9-3DF1-416B-A0A1-9E1E8DA8EE5B}.Debug|Any CPU.ActiveCfg = Debug|Any CPU
		{00603CA9-3DF1-416B-A0A1-9E1E8DA8EE5B}.Debug|Any CPU.Build.0 = Debug|Any CPU
		{00603CA9-3DF1-416B-A0A1-9E1E8DA8EE5B}.Release|Any CPU.ActiveCfg = Release|Any CPU
		{00603CA9-3DF1-416B-A0A1-9E1E8DA8EE5B}.Release|Any CPU.Build.0 = Release|Any CPU
		{FAE85527-F8A8-42BD-A80E-FE426F064E40}.Debug|Any CPU.ActiveCfg = Debug|Any CPU
		{FAE85527-F8A8-42BD-A80E-FE426F064E40}.Debug|Any CPU.Build.0 = Debug|Any CPU
		{FAE85527-F8A8-42BD-A80E-FE426F064E40}.Release|Any CPU.ActiveCfg = Release|Any CPU
		{FAE85527-F8A8-42BD-A80E-FE426F064E40}.Release|Any CPU.Build.0 = Release|Any CPU
	EndGlobalSection
	GlobalSection(SolutionProperties) = preSolution
		HideSolutionNode = FALSE
	EndGlobalSection
	GlobalSection(ExtensibilityGlobals) = postSolution
		SolutionGuid = {9762AD22-72F1-4422-AF70-E336540E0EAA}
	EndGlobalSection
EndGlobal
